
Microsoft Visual Studio Solution File, Format Version 12.00
# Visual Studio Version 17
VisualStudioVersion = 17.9.34728.123
MinimumVisualStudioVersion = 10.0.40219.1
Project("{FAE04EC0-301F-11D3-BF4B-00C04F79EFBC}") = "SZ", "SZ\SZ.csproj", "{3A33CB86-6DBB-40E1-A06C-CD4F3DA3CFB4}"
EndProject
Project("{FAE04EC0-301F-11D3-BF4B-00C04F79EFBC}") = "Zadanie5", "Zadanie5\Zadanie5.csproj", "{F5602ABA-971C-4CDD-9359-BBEA2444A7E4}"
EndProject
Project("{FAE04EC0-301F-11D3-BF4B-00C04F79EFBC}") = "Zadanie8", "Zadanie8\Zadanie8.csproj", "{FC94BF84-C441-4A55-8D78-45DD35E752FA}"
EndProject
Project("{FAE04EC0-301F-11D3-BF4B-00C04F79EFBC}") = "Zadanie11", "Zadanie11\Zadanie11.csproj", "{85A01C3B-BF50-4C25-A091-56A6212480CE}"
EndProject
Project("{FAE04EC0-301F-11D3-BF4B-00C04F79EFBC}") = "Zadanie14", "Zadanie14\Zadanie14.csproj", "{B7E77073-3B01-4203-B3BD-C2FB75024DE9}"
EndProject
Project("{FAE04EC0-301F-11D3-BF4B-00C04F79EFBC}") = "Zadanie17", "Zadanie17\Zadanie17.csproj", "{259BC928-C99D-4078-A56A-D52F82F4C8D2}"
EndProject
Global
	GlobalSection(SolutionConfigurationPlatforms) = preSolution
		Debug|Any CPU = Debug|Any CPU
		Release|Any CPU = Release|Any CPU
	EndGlobalSection
	GlobalSection(ProjectConfigurationPlatforms) = postSolution
		{3A33CB86-6DBB-40E1-A06C-CD4F3DA3CFB4}.Debug|Any CPU.ActiveCfg = Debug|Any CPU
		{3A33CB86-6DBB-40E1-A06C-CD4F3DA3CFB4}.Debug|Any CPU.Build.0 = Debug|Any CPU
		{3A33CB86-6DBB-40E1-A06C-CD4F3DA3CFB4}.Release|Any CPU.ActiveCfg = Release|Any CPU
		{3A33CB86-6DBB-40E1-A06C-CD4F3DA3CFB4}.Release|Any CPU.Build.0 = Release|Any CPU
		{F5602ABA-971C-4CDD-9359-BBEA2444A7E4}.Debug|Any CPU.ActiveCfg = Debug|Any CPU
		{F5602ABA-971C-4CDD-9359-BBEA2444A7E4}.Debug|Any CPU.Build.0 = Debug|Any CPU
		{F5602ABA-971C-4CDD-9359-BBEA2444A7E4}.Release|Any CPU.ActiveCfg = Release|Any CPU
		{F5602ABA-971C-4CDD-9359-BBEA2444A7E4}.Release|Any CPU.Build.0 = Release|Any CPU
		{FC94BF84-C441-4A55-8D78-45DD35E752FA}.Debug|Any CPU.ActiveCfg = Debug|Any CPU
		{FC94BF84-C441-4A55-8D78-45DD35E752FA}.Debug|Any CPU.Build.0 = Debug|Any CPU
		{FC94BF84-C441-4A55-8D78-45DD35E752FA}.Release|Any CPU.ActiveCfg = Release|Any CPU
		{FC94BF84-C441-4A55-8D78-45DD35E752FA}.Release|Any CPU.Build.0 = Release|Any CPU
		{85A01C3B-BF50-4C25-A091-56A6212480CE}.Debug|Any CPU.ActiveCfg = Debug|Any CPU
		{85A01C3B-BF50-4C25-A091-56A6212480CE}.Debug|Any CPU.Build.0 = Debug|Any CPU
		{85A01C3B-BF50-4C25-A091-56A6212480CE}.Release|Any CPU.ActiveCfg = Release|Any CPU
		{85A01C3B-BF50-4C25-A091-56A6212480CE}.Release|Any CPU.Build.0 = Release|Any CPU
		{B7E77073-3B01-4203-B3BD-C2FB75024DE9}.Debug|Any CPU.ActiveCfg = Debug|Any CPU
		{B7E77073-3B01-4203-B3BD-C2FB75024DE9}.Debug|Any CPU.Build.0 = Debug|Any CPU
		{B7E77073-3B01-4203-B3BD-C2FB75024DE9}.Release|Any CPU.ActiveCfg = Release|Any CPU
		{B7E77073-3B01-4203-B3BD-C2FB75024DE9}.Release|Any CPU.Build.0 = Release|Any CPU
		{259BC928-C99D-4078-A56A-D52F82F4C8D2}.Debug|Any CPU.ActiveCfg = Debug|Any CPU
		{259BC928-C99D-4078-A56A-D52F82F4C8D2}.Debug|Any CPU.Build.0 = Debug|Any CPU
		{259BC928-C99D-4078-A56A-D52F82F4C8D2}.Release|Any CPU.ActiveCfg = Release|Any CPU
		{259BC928-C99D-4078-A56A-D52F82F4C8D2}.Release|Any CPU.Build.0 = Release|Any CPU
	EndGlobalSection
	GlobalSection(SolutionProperties) = preSolution
		HideSolutionNode = FALSE
	EndGlobalSection
	GlobalSection(ExtensibilityGlobals) = postSolution
		SolutionGuid = {DEB43D4B-7D66-4511-A940-1F908C8B0248}
	EndGlobalSection
EndGlobal
